// !$*UTF8*$!
{
	archiveVersion = 1;
	classes = {
	};
	objectVersion = 55;
	objects = {

/* Begin PBXBuildFile section */
		9144ECB627758515003F8E71 /* EpisodesView.swift in Sources */ = {isa = PBXBuildFile; fileRef = 9144ECB527758515003F8E71 /* EpisodesView.swift */; };
		9156F8FB2773B960007E84DE /* Netflix_BuildApp.swift in Sources */ = {isa = PBXBuildFile; fileRef = 9156F8FA2773B960007E84DE /* Netflix_BuildApp.swift */; };
		9156F8FD2773B960007E84DE /* ContentView.swift in Sources */ = {isa = PBXBuildFile; fileRef = 9156F8FC2773B960007E84DE /* ContentView.swift */; };
		9156F8FF2773B961007E84DE /* Assets.xcassets in Resources */ = {isa = PBXBuildFile; fileRef = 9156F8FE2773B961007E84DE /* Assets.xcassets */; };
		9156F9022773B961007E84DE /* Preview Assets.xcassets in Resources */ = {isa = PBXBuildFile; fileRef = 9156F9012773B961007E84DE /* Preview Assets.xcassets */; };
		9156F9092773BCDC007E84DE /* HomeView.swift in Sources */ = {isa = PBXBuildFile; fileRef = 9156F9082773BCDC007E84DE /* HomeView.swift */; };
		9156F90C2773BF69007E84DE /* Kingfisher in Frameworks */ = {isa = PBXBuildFile; productRef = 9156F90B2773BF69007E84DE /* Kingfisher */; };
		9156F90E2773C093007E84DE /* Movie.swift in Sources */ = {isa = PBXBuildFile; fileRef = 9156F90D2773C093007E84DE /* Movie.swift */; };
		9156F9102773C0F5007E84DE /* StandardHomeMovie.swift in Sources */ = {isa = PBXBuildFile; fileRef = 9156F90F2773C0F5007E84DE /* StandardHomeMovie.swift */; };
		9156F9122773C130007E84DE /* GlobalHelpers.swift in Sources */ = {isa = PBXBuildFile; fileRef = 9156F9112773C130007E84DE /* GlobalHelpers.swift */; };
		9156F9142773C3B8007E84DE /* HomeVM.swift in Sources */ = {isa = PBXBuildFile; fileRef = 9156F9132773C3B8007E84DE /* HomeVM.swift */; };
		9156F9182773D384007E84DE /* TopMoviePreview.swift in Sources */ = {isa = PBXBuildFile; fileRef = 9156F9172773D384007E84DE /* TopMoviePreview.swift */; };
		9156F91C2773DEE0007E84DE /* SmallVerticalButton.swift in Sources */ = {isa = PBXBuildFile; fileRef = 9156F91B2773DEE0007E84DE /* SmallVerticalButton.swift */; };
		9156F91E2773E4AF007E84DE /* PlayButton.swift in Sources */ = {isa = PBXBuildFile; fileRef = 9156F91D2773E4AF007E84DE /* PlayButton.swift */; };
		918A166D27752B800096FE41 /* MovieDetailView.swift in Sources */ = {isa = PBXBuildFile; fileRef = 918A166C27752B800096FE41 /* MovieDetailView.swift */; };
		918A166F277530970096FE41 /* Episode.swift in Sources */ = {isa = PBXBuildFile; fileRef = 918A166E277530970096FE41 /* Episode.swift */; };
		918A16712775535F0096FE41 /* CustomTabSwitcher.swift in Sources */ = {isa = PBXBuildFile; fileRef = 918A16702775535F0096FE41 /* CustomTabSwitcher.swift */; };
		918A1673277566080096FE41 /* MoreLikeThis.swift in Sources */ = {isa = PBXBuildFile; fileRef = 918A1672277566080096FE41 /* MoreLikeThis.swift */; };
		918A16752775738B0096FE41 /* Trailer.swift in Sources */ = {isa = PBXBuildFile; fileRef = 918A16742775738B0096FE41 /* Trailer.swift */; };
		918A1677277574090096FE41 /* VideoViewer.swift in Sources */ = {isa = PBXBuildFile; fileRef = 918A1676277574090096FE41 /* VideoViewer.swift */; };
		918A1679277575FF0096FE41 /* VideoPreviewImage.swift in Sources */ = {isa = PBXBuildFile; fileRef = 918A1678277575FF0096FE41 /* VideoPreviewImage.swift */; };
		918A167B277579180096FE41 /* TrailerList.swift in Sources */ = {isa = PBXBuildFile; fileRef = 918A167A277579180096FE41 /* TrailerList.swift */; };
		91C1CB93277A616C00F99866 /* SearchBar.swift in Sources */ = {isa = PBXBuildFile; fileRef = 91C1CB92277A616C00F99866 /* SearchBar.swift */; };
		91C1CB95277A632000F99866 /* Colors.swift in Sources */ = {isa = PBXBuildFile; fileRef = 91C1CB94277A632000F99866 /* Colors.swift */; };
		91C1CB97277A69FC00F99866 /* ActivityIndicator.swift in Sources */ = {isa = PBXBuildFile; fileRef = 91C1CB96277A69FC00F99866 /* ActivityIndicator.swift */; };
		91FE485527763E410089C522 /* HomeStack.swift in Sources */ = {isa = PBXBuildFile; fileRef = 91FE485427763E410089C522 /* HomeStack.swift */; };
/* End PBXBuildFile section */

/* Begin PBXFileReference section */
		9144ECB527758515003F8E71 /* EpisodesView.swift */ = {isa = PBXFileReference; lastKnownFileType = sourcecode.swift; path = EpisodesView.swift; sourceTree = "<group>"; };
		9156F8F72773B960007E84DE /* Netflix Build.app */ = {isa = PBXFileReference; explicitFileType = wrapper.application; includeInIndex = 0; path = "Netflix Build.app"; sourceTree = BUILT_PRODUCTS_DIR; };
		9156F8FA2773B960007E84DE /* Netflix_BuildApp.swift */ = {isa = PBXFileReference; lastKnownFileType = sourcecode.swift; path = Netflix_BuildApp.swift; sourceTree = "<group>"; };
		9156F8FC2773B960007E84DE /* ContentView.swift */ = {isa = PBXFileReference; lastKnownFileType = sourcecode.swift; path = ContentView.swift; sourceTree = "<group>"; };
		9156F8FE2773B961007E84DE /* Assets.xcassets */ = {isa = PBXFileReference; lastKnownFileType = folder.assetcatalog; path = Assets.xcassets; sourceTree = "<group>"; };
		9156F9012773B961007E84DE /* Preview Assets.xcassets */ = {isa = PBXFileReference; lastKnownFileType = folder.assetcatalog; path = "Preview Assets.xcassets"; sourceTree = "<group>"; };
		9156F9082773BCDC007E84DE /* HomeView.swift */ = {isa = PBXFileReference; lastKnownFileType = sourcecode.swift; path = HomeView.swift; sourceTree = "<group>"; };
		9156F90D2773C093007E84DE /* Movie.swift */ = {isa = PBXFileReference; lastKnownFileType = sourcecode.swift; path = Movie.swift; sourceTree = "<group>"; };
		9156F90F2773C0F5007E84DE /* StandardHomeMovie.swift */ = {isa = PBXFileReference; lastKnownFileType = sourcecode.swift; path = StandardHomeMovie.swift; sourceTree = "<group>"; };
		9156F9112773C130007E84DE /* GlobalHelpers.swift */ = {isa = PBXFileReference; lastKnownFileType = sourcecode.swift; path = GlobalHelpers.swift; sourceTree = "<group>"; };
		9156F9132773C3B8007E84DE /* HomeVM.swift */ = {isa = PBXFileReference; lastKnownFileType = sourcecode.swift; path = HomeVM.swift; sourceTree = "<group>"; };
		9156F9172773D384007E84DE /* TopMoviePreview.swift */ = {isa = PBXFileReference; lastKnownFileType = sourcecode.swift; path = TopMoviePreview.swift; sourceTree = "<group>"; };
		9156F91B2773DEE0007E84DE /* SmallVerticalButton.swift */ = {isa = PBXFileReference; lastKnownFileType = sourcecode.swift; path = SmallVerticalButton.swift; sourceTree = "<group>"; };
		9156F91D2773E4AF007E84DE /* PlayButton.swift */ = {isa = PBXFileReference; lastKnownFileType = sourcecode.swift; path = PlayButton.swift; sourceTree = "<group>"; };
		918A166C27752B800096FE41 /* MovieDetailView.swift */ = {isa = PBXFileReference; lastKnownFileType = sourcecode.swift; path = MovieDetailView.swift; sourceTree = "<group>"; };
		918A166E277530970096FE41 /* Episode.swift */ = {isa = PBXFileReference; lastKnownFileType = sourcecode.swift; path = Episode.swift; sourceTree = "<group>"; };
		918A16702775535F0096FE41 /* CustomTabSwitcher.swift */ = {isa = PBXFileReference; lastKnownFileType = sourcecode.swift; path = CustomTabSwitcher.swift; sourceTree = "<group>"; };
		918A1672277566080096FE41 /* MoreLikeThis.swift */ = {isa = PBXFileReference; lastKnownFileType = sourcecode.swift; path = MoreLikeThis.swift; sourceTree = "<group>"; };
		918A16742775738B0096FE41 /* Trailer.swift */ = {isa = PBXFileReference; lastKnownFileType = sourcecode.swift; path = Trailer.swift; sourceTree = "<group>"; };
		918A1676277574090096FE41 /* VideoViewer.swift */ = {isa = PBXFileReference; lastKnownFileType = sourcecode.swift; path = VideoViewer.swift; sourceTree = "<group>"; };
		918A1678277575FF0096FE41 /* VideoPreviewImage.swift */ = {isa = PBXFileReference; lastKnownFileType = sourcecode.swift; path = VideoPreviewImage.swift; sourceTree = "<group>"; };
		918A167A277579180096FE41 /* TrailerList.swift */ = {isa = PBXFileReference; lastKnownFileType = sourcecode.swift; path = TrailerList.swift; sourceTree = "<group>"; };
		91C1CB92277A616C00F99866 /* SearchBar.swift */ = {isa = PBXFileReference; lastKnownFileType = sourcecode.swift; path = SearchBar.swift; sourceTree = "<group>"; };
		91C1CB94277A632000F99866 /* Colors.swift */ = {isa = PBXFileReference; lastKnownFileType = sourcecode.swift; path = Colors.swift; sourceTree = "<group>"; };
		91C1CB96277A69FC00F99866 /* ActivityIndicator.swift */ = {isa = PBXFileReference; lastKnownFileType = sourcecode.swift; path = ActivityIndicator.swift; sourceTree = "<group>"; };
		91FE485427763E410089C522 /* HomeStack.swift */ = {isa = PBXFileReference; lastKnownFileType = sourcecode.swift; path = HomeStack.swift; sourceTree = "<group>"; };
/* End PBXFileReference section */

/* Begin PBXFrameworksBuildPhase section */
		9156F8F42773B960007E84DE /* Frameworks */ = {
			isa = PBXFrameworksBuildPhase;
			buildActionMask = 2147483647;
			files = (
				9156F90C2773BF69007E84DE /* Kingfisher in Frameworks */,
			);
			runOnlyForDeploymentPostprocessing = 0;
		};
/* End PBXFrameworksBuildPhase section */

/* Begin PBXGroup section */
		9144ECB7277589A5003F8E71 /* VideoPlayer */ = {
			isa = PBXGroup;
			children = (
				918A1676277574090096FE41 /* VideoViewer.swift */,
				918A1678277575FF0096FE41 /* VideoPreviewImage.swift */,
			);
			path = VideoPlayer;
			sourceTree = "<group>";
		};
		9144ECB8277589EB003F8E71 /* HomeViews */ = {
			isa = PBXGroup;
			children = (
				9156F9082773BCDC007E84DE /* HomeView.swift */,
				91FE485427763E410089C522 /* HomeStack.swift */,
				9156F9132773C3B8007E84DE /* HomeVM.swift */,
			);
			path = HomeViews;
			sourceTree = "<group>";
		};
		9144ECB927758A0A003F8E71 /* MovieDetail */ = {
			isa = PBXGroup;
			children = (
				918A166C27752B800096FE41 /* MovieDetailView.swift */,
				918A16702775535F0096FE41 /* CustomTabSwitcher.swift */,
				918A1672277566080096FE41 /* MoreLikeThis.swift */,
				918A167A277579180096FE41 /* TrailerList.swift */,
				9144ECB527758515003F8E71 /* EpisodesView.swift */,
			);
			path = MovieDetail;
			sourceTree = "<group>";
		};
		9156F8EE2773B960007E84DE = {
			isa = PBXGroup;
			children = (
				9156F8F92773B960007E84DE /* Netflix Build */,
				9156F8F82773B960007E84DE /* Products */,
			);
			sourceTree = "<group>";
		};
		9156F8F82773B960007E84DE /* Products */ = {
			isa = PBXGroup;
			children = (
				9156F8F72773B960007E84DE /* Netflix Build.app */,
			);
			name = Products;
			sourceTree = "<group>";
		};
		9156F8F92773B960007E84DE /* Netflix Build */ = {
			isa = PBXGroup;
			children = (
				9156F8FA2773B960007E84DE /* Netflix_BuildApp.swift */,
				9156F8FC2773B960007E84DE /* ContentView.swift */,
				9156F8FE2773B961007E84DE /* Assets.xcassets */,
				9156F9162773C4F9007E84DE /* Model */,
				9144ECB8277589EB003F8E71 /* HomeViews */,
				9144ECB927758A0A003F8E71 /* MovieDetail */,
				9144ECB7277589A5003F8E71 /* VideoPlayer */,
				91C1CB91277A615000F99866 /* Search */,
				9156F91A2773D3B9007E84DE /* Components */,
				918A166B27752AFA0096FE41 /* Helpers */,
				9156F9002773B961007E84DE /* Preview Content */,
			);
			path = "Netflix Build";
			sourceTree = "<group>";
		};
		9156F9002773B961007E84DE /* Preview Content */ = {
			isa = PBXGroup;
			children = (
				9156F9012773B961007E84DE /* Preview Assets.xcassets */,
			);
			path = "Preview Content";
			sourceTree = "<group>";
		};
		9156F9162773C4F9007E84DE /* Model */ = {
			isa = PBXGroup;
			children = (
				9156F90D2773C093007E84DE /* Movie.swift */,
				918A166E277530970096FE41 /* Episode.swift */,
				918A16742775738B0096FE41 /* Trailer.swift */,
			);
			path = Model;
			sourceTree = "<group>";
		};
		9156F91A2773D3B9007E84DE /* Components */ = {
			isa = PBXGroup;
			children = (
				9156F9172773D384007E84DE /* TopMoviePreview.swift */,
				9156F91D2773E4AF007E84DE /* PlayButton.swift */,
				9156F91B2773DEE0007E84DE /* SmallVerticalButton.swift */,
				9156F90F2773C0F5007E84DE /* StandardHomeMovie.swift */,
			);
			path = Components;
			sourceTree = "<group>";
		};
		918A166B27752AFA0096FE41 /* Helpers */ = {
			isa = PBXGroup;
			children = (
				9156F9112773C130007E84DE /* GlobalHelpers.swift */,
				91C1CB94277A632000F99866 /* Colors.swift */,
				91C1CB96277A69FC00F99866 /* ActivityIndicator.swift */,
			);
			path = Helpers;
			sourceTree = "<group>";
		};
		91C1CB91277A615000F99866 /* Search */ = {
			isa = PBXGroup;
			children = (
				91C1CB92277A616C00F99866 /* SearchBar.swift */,
			);
			path = Search;
			sourceTree = "<group>";
		};
/* End PBXGroup section */

/* Begin PBXNativeTarget section */
		9156F8F62773B960007E84DE /* Netflix Build */ = {
			isa = PBXNativeTarget;
			buildConfigurationList = 9156F9052773B961007E84DE /* Build configuration list for PBXNativeTarget "Netflix Build" */;
			buildPhases = (
				9156F8F32773B960007E84DE /* Sources */,
				9156F8F42773B960007E84DE /* Frameworks */,
				9156F8F52773B960007E84DE /* Resources */,
			);
			buildRules = (
			);
			dependencies = (
			);
			name = "Netflix Build";
			packageProductDependencies = (
				9156F90B2773BF69007E84DE /* Kingfisher */,
			);
			productName = "Netflix Build";
			productReference = 9156F8F72773B960007E84DE /* Netflix Build.app */;
			productType = "com.apple.product-type.application";
		};
/* End PBXNativeTarget section */

/* Begin PBXProject section */
		9156F8EF2773B960007E84DE /* Project object */ = {
			isa = PBXProject;
			attributes = {
				BuildIndependentTargetsInParallel = 1;
				LastSwiftUpdateCheck = 1320;
				LastUpgradeCheck = 1320;
				TargetAttributes = {
					9156F8F62773B960007E84DE = {
						CreatedOnToolsVersion = 13.2.1;
					};
				};
			};
			buildConfigurationList = 9156F8F22773B960007E84DE /* Build configuration list for PBXProject "Netflix Build" */;
			compatibilityVersion = "Xcode 13.0";
			developmentRegion = en;
			hasScannedForEncodings = 0;
			knownRegions = (
				en,
				Base,
			);
			mainGroup = 9156F8EE2773B960007E84DE;
			packageReferences = (
				9156F90A2773BF69007E84DE /* XCRemoteSwiftPackageReference "Kingfisher" */,
			);
			productRefGroup = 9156F8F82773B960007E84DE /* Products */;
			projectDirPath = "";
			projectRoot = "";
			targets = (
				9156F8F62773B960007E84DE /* Netflix Build */,
			);
		};
/* End PBXProject section */

/* Begin PBXResourcesBuildPhase section */
		9156F8F52773B960007E84DE /* Resources */ = {
			isa = PBXResourcesBuildPhase;
			buildActionMask = 2147483647;
			files = (
				9156F9022773B961007E84DE /* Preview Assets.xcassets in Resources */,
				9156F8FF2773B961007E84DE /* Assets.xcassets in Resources */,
			);
			runOnlyForDeploymentPostprocessing = 0;
		};
/* End PBXResourcesBuildPhase section */

/* Begin PBXSourcesBuildPhase section */
		9156F8F32773B960007E84DE /* Sources */ = {
			isa = PBXSourcesBuildPhase;
			buildActionMask = 2147483647;
			files = (
				9144ECB627758515003F8E71 /* EpisodesView.swift in Sources */,
				91C1CB95277A632000F99866 /* Colors.swift in Sources */,
				9156F9122773C130007E84DE /* GlobalHelpers.swift in Sources */,
				918A16752775738B0096FE41 /* Trailer.swift in Sources */,
				918A166F277530970096FE41 /* Episode.swift in Sources */,
				9156F9092773BCDC007E84DE /* HomeView.swift in Sources */,
				9156F9142773C3B8007E84DE /* HomeVM.swift in Sources */,
				918A1679277575FF0096FE41 /* VideoPreviewImage.swift in Sources */,
				9156F8FD2773B960007E84DE /* ContentView.swift in Sources */,
				9156F9102773C0F5007E84DE /* StandardHomeMovie.swift in Sources */,
				9156F9182773D384007E84DE /* TopMoviePreview.swift in Sources */,
				9156F90E2773C093007E84DE /* Movie.swift in Sources */,
				91C1CB97277A69FC00F99866 /* ActivityIndicator.swift in Sources */,
				9156F8FB2773B960007E84DE /* Netflix_BuildApp.swift in Sources */,
				918A1673277566080096FE41 /* MoreLikeThis.swift in Sources */,
				91FE485527763E410089C522 /* HomeStack.swift in Sources */,
				91C1CB93277A616C00F99866 /* SearchBar.swift in Sources */,
				918A16712775535F0096FE41 /* CustomTabSwitcher.swift in Sources */,
				918A167B277579180096FE41 /* TrailerList.swift in Sources */,
				918A1677277574090096FE41 /* VideoViewer.swift in Sources */,
				9156F91C2773DEE0007E84DE /* SmallVerticalButton.swift in Sources */,
				9156F91E2773E4AF007E84DE /* PlayButton.swift in Sources */,
				918A166D27752B800096FE41 /* MovieDetailView.swift in Sources */,
			);
			runOnlyForDeploymentPostprocessing = 0;
		};
/* End PBXSourcesBuildPhase section */

/* Begin XCBuildConfiguration section */
		9156F9032773B961007E84DE /* Debug */ = {
			isa = XCBuildConfiguration;
			buildSettings = {
				ALWAYS_SEARCH_USER_PATHS = NO;
				CLANG_ANALYZER_NONNULL = YES;
				CLANG_ANALYZER_NUMBER_OBJECT_CONVERSION = YES_AGGRESSIVE;
				CLANG_CXX_LANGUAGE_STANDARD = "gnu++17";
				CLANG_CXX_LIBRARY = "libc++";
				CLANG_ENABLE_MODULES = YES;
				CLANG_ENABLE_OBJC_ARC = YES;
				CLANG_ENABLE_OBJC_WEAK = YES;
				CLANG_WARN_BLOCK_CAPTURE_AUTORELEASING = YES;
				CLANG_WARN_BOOL_CONVERSION = YES;
				CLANG_WARN_COMMA = YES;
				CLANG_WARN_CONSTANT_CONVERSION = YES;
				CLANG_WARN_DEPRECATED_OBJC_IMPLEMENTATIONS = YES;
				CLANG_WARN_DIRECT_OBJC_ISA_USAGE = YES_ERROR;
				CLANG_WARN_DOCUMENTATION_COMMENTS = YES;
				CLANG_WARN_EMPTY_BODY = YES;
				CLANG_WARN_ENUM_CONVERSION = YES;
				CLANG_WARN_INFINITE_RECURSION = YES;
				CLANG_WARN_INT_CONVERSION = YES;
				CLANG_WARN_NON_LITERAL_NULL_CONVERSION = YES;
				CLANG_WARN_OBJC_IMPLICIT_RETAIN_SELF = YES;
				CLANG_WARN_OBJC_LITERAL_CONVERSION = YES;
				CLANG_WARN_OBJC_ROOT_CLASS = YES_ERROR;
				CLANG_WARN_QUOTED_INCLUDE_IN_FRAMEWORK_HEADER = YES;
				CLANG_WARN_RANGE_LOOP_ANALYSIS = YES;
				CLANG_WARN_STRICT_PROTOTYPES = YES;
				CLANG_WARN_SUSPICIOUS_MOVE = YES;
				CLANG_WARN_UNGUARDED_AVAILABILITY = YES_AGGRESSIVE;
				CLANG_WARN_UNREACHABLE_CODE = YES;
				CLANG_WARN__DUPLICATE_METHOD_MATCH = YES;
				COPY_PHASE_STRIP = NO;
				DEBUG_INFORMATION_FORMAT = dwarf;
				ENABLE_STRICT_OBJC_MSGSEND = YES;
				ENABLE_TESTABILITY = YES;
				GCC_C_LANGUAGE_STANDARD = gnu11;
				GCC_DYNAMIC_NO_PIC = NO;
				GCC_NO_COMMON_BLOCKS = YES;
				GCC_OPTIMIZATION_LEVEL = 0;
				GCC_PREPROCESSOR_DEFINITIONS = (
					"DEBUG=1",
					"$(inherited)",
				);
				GCC_WARN_64_TO_32_BIT_CONVERSION = YES;
				GCC_WARN_ABOUT_RETURN_TYPE = YES_ERROR;
				GCC_WARN_UNDECLARED_SELECTOR = YES;
				GCC_WARN_UNINITIALIZED_AUTOS = YES_AGGRESSIVE;
				GCC_WARN_UNUSED_FUNCTION = YES;
				GCC_WARN_UNUSED_VARIABLE = YES;
				IPHONEOS_DEPLOYMENT_TARGET = 15.2;
				MTL_ENABLE_DEBUG_INFO = INCLUDE_SOURCE;
				MTL_FAST_MATH = YES;
				ONLY_ACTIVE_ARCH = YES;
				SDKROOT = iphoneos;
				SWIFT_ACTIVE_COMPILATION_CONDITIONS = DEBUG;
				SWIFT_OPTIMIZATION_LEVEL = "-Onone";
			};
			name = Debug;
		};
		9156F9042773B961007E84DE /* Release */ = {
			isa = XCBuildConfiguration;
			buildSettings = {
				ALWAYS_SEARCH_USER_PATHS = NO;
				CLANG_ANALYZER_NONNULL = YES;
				CLANG_ANALYZER_NUMBER_OBJECT_CONVERSION = YES_AGGRESSIVE;
				CLANG_CXX_LANGUAGE_STANDARD = "gnu++17";
				CLANG_CXX_LIBRARY = "libc++";
				CLANG_ENABLE_MODULES = YES;
				CLANG_ENABLE_OBJC_ARC = YES;
				CLANG_ENABLE_OBJC_WEAK = YES;
				CLANG_WARN_BLOCK_CAPTURE_AUTORELEASING = YES;
				CLANG_WARN_BOOL_CONVERSION = YES;
				CLANG_WARN_COMMA = YES;
				CLANG_WARN_CONSTANT_CONVERSION = YES;
				CLANG_WARN_DEPRECATED_OBJC_IMPLEMENTATIONS = YES;
				CLANG_WARN_DIRECT_OBJC_ISA_USAGE = YES_ERROR;
				CLANG_WARN_DOCUMENTATION_COMMENTS = YES;
				CLANG_WARN_EMPTY_BODY = YES;
				CLANG_WARN_ENUM_CONVERSION = YES;
				CLANG_WARN_INFINITE_RECURSION = YES;
				CLANG_WARN_INT_CONVERSION = YES;
				CLANG_WARN_NON_LITERAL_NULL_CONVERSION = YES;
				CLANG_WARN_OBJC_IMPLICIT_RETAIN_SELF = YES;
				CLANG_WARN_OBJC_LITERAL_CONVERSION = YES;
				CLANG_WARN_OBJC_ROOT_CLASS = YES_ERROR;
				CLANG_WARN_QUOTED_INCLUDE_IN_FRAMEWORK_HEADER = YES;
				CLANG_WARN_RANGE_LOOP_ANALYSIS = YES;
				CLANG_WARN_STRICT_PROTOTYPES = YES;
				CLANG_WARN_SUSPICIOUS_MOVE = YES;
				CLANG_WARN_UNGUARDED_AVAILABILITY = YES_AGGRESSIVE;
				CLANG_WARN_UNREACHABLE_CODE = YES;
				CLANG_WARN__DUPLICATE_METHOD_MATCH = YES;
				COPY_PHASE_STRIP = NO;
				DEBUG_INFORMATION_FORMAT = "dwarf-with-dsym";
				ENABLE_NS_ASSERTIONS = NO;
				ENABLE_STRICT_OBJC_MSGSEND = YES;
				GCC_C_LANGUAGE_STANDARD = gnu11;
				GCC_NO_COMMON_BLOCKS = YES;
				GCC_WARN_64_TO_32_BIT_CONVERSION = YES;
				GCC_WARN_ABOUT_RETURN_TYPE = YES_ERROR;
				GCC_WARN_UNDECLARED_SELECTOR = YES;
				GCC_WARN_UNINITIALIZED_AUTOS = YES_AGGRESSIVE;
				GCC_WARN_UNUSED_FUNCTION = YES;
				GCC_WARN_UNUSED_VARIABLE = YES;
				IPHONEOS_DEPLOYMENT_TARGET = 15.2;
				MTL_ENABLE_DEBUG_INFO = NO;
				MTL_FAST_MATH = YES;
				SDKROOT = iphoneos;
				SWIFT_COMPILATION_MODE = wholemodule;
				SWIFT_OPTIMIZATION_LEVEL = "-O";
				VALIDATE_PRODUCT = YES;
			};
			name = Release;
		};
		9156F9062773B961007E84DE /* Debug */ = {
			isa = XCBuildConfiguration;
			buildSettings = {
				ASSETCATALOG_COMPILER_APPICON_NAME = AppIcon;
				ASSETCATALOG_COMPILER_GLOBAL_ACCENT_COLOR_NAME = AccentColor;
				CODE_SIGN_STYLE = Automatic;
				CURRENT_PROJECT_VERSION = 1;
				DEVELOPMENT_ASSET_PATHS = "\"Netflix Build/Preview Content\"";
				DEVELOPMENT_TEAM = 8AG33EWU86;
				ENABLE_PREVIEWS = YES;
				GENERATE_INFOPLIST_FILE = YES;
				INFOPLIST_KEY_UIApplicationSceneManifest_Generation = YES;
				INFOPLIST_KEY_UIApplicationSupportsIndirectInputEvents = YES;
				INFOPLIST_KEY_UILaunchScreen_Generation = YES;
				INFOPLIST_KEY_UISupportedInterfaceOrientations_iPad = "UIInterfaceOrientationPortrait UIInterfaceOrientationPortraitUpsideDown UIInterfaceOrientationLandscapeLeft UIInterfaceOrientationLandscapeRight";
				INFOPLIST_KEY_UISupportedInterfaceOrientations_iPhone = "UIInterfaceOrientationPortrait UIInterfaceOrientationLandscapeLeft UIInterfaceOrientationLandscapeRight";
				LD_RUNPATH_SEARCH_PATHS = (
					"$(inherited)",
					"@executable_path/Frameworks",
				);
				MARKETING_VERSION = 1.0;
				PRODUCT_BUNDLE_IDENTIFIER = "com.imoment.Netflix-Build";
				PRODUCT_NAME = "$(TARGET_NAME)";
				SWIFT_EMIT_LOC_STRINGS = YES;
				SWIFT_VERSION = 5.0;
				TARGETED_DEVICE_FAMILY = "1,2";
			};
			name = Debug;
		};
		9156F9072773B961007E84DE /* Release */ = {
			isa = XCBuildConfiguration;
			buildSettings = {
				ASSETCATALOG_COMPILER_APPICON_NAME = AppIcon;
				ASSETCATALOG_COMPILER_GLOBAL_ACCENT_COLOR_NAME = AccentColor;
				CODE_SIGN_STYLE = Automatic;
				CURRENT_PROJECT_VERSION = 1;
				DEVELOPMENT_ASSET_PATHS = "\"Netflix Build/Preview Content\"";
				DEVELOPMENT_TEAM = 8AG33EWU86;
				ENABLE_PREVIEWS = YES;
				GENERATE_INFOPLIST_FILE = YES;
				INFOPLIST_KEY_UIApplicationSceneManifest_Generation = YES;
				INFOPLIST_KEY_UIApplicationSupportsIndirectInputEvents = YES;
				INFOPLIST_KEY_UILaunchScreen_Generation = YES;
				INFOPLIST_KEY_UISupportedInterfaceOrientations_iPad = "UIInterfaceOrientationPortrait UIInterfaceOrientationPortraitUpsideDown UIInterfaceOrientationLandscapeLeft UIInterfaceOrientationLandscapeRight";
				INFOPLIST_KEY_UISupportedInterfaceOrientations_iPhone = "UIInterfaceOrientationPortrait UIInterfaceOrientationLandscapeLeft UIInterfaceOrientationLandscapeRight";
				LD_RUNPATH_SEARCH_PATHS = (
					"$(inherited)",
					"@executable_path/Frameworks",
				);
				MARKETING_VERSION = 1.0;
				PRODUCT_BUNDLE_IDENTIFIER = "com.imoment.Netflix-Build";
				PRODUCT_NAME = "$(TARGET_NAME)";
				SWIFT_EMIT_LOC_STRINGS = YES;
				SWIFT_VERSION = 5.0;
				TARGETED_DEVICE_FAMILY = "1,2";
			};
			name = Release;
		};
/* End XCBuildConfiguration section */

/* Begin XCConfigurationList section */
		9156F8F22773B960007E84DE /* Build configuration list for PBXProject "Netflix Build" */ = {
			isa = XCConfigurationList;
			buildConfigurations = (
				9156F9032773B961007E84DE /* Debug */,
				9156F9042773B961007E84DE /* Release */,
			);
			defaultConfigurationIsVisible = 0;
			defaultConfigurationName = Release;
		};
		9156F9052773B961007E84DE /* Build configuration list for PBXNativeTarget "Netflix Build" */ = {
			isa = XCConfigurationList;
			buildConfigurations = (
				9156F9062773B961007E84DE /* Debug */,
				9156F9072773B961007E84DE /* Release */,
			);
			defaultConfigurationIsVisible = 0;
			defaultConfigurationName = Release;
		};
/* End XCConfigurationList section */

/* Begin XCRemoteSwiftPackageReference section */
		9156F90A2773BF69007E84DE /* XCRemoteSwiftPackageReference "Kingfisher" */ = {
			isa = XCRemoteSwiftPackageReference;
			repositoryURL = "https://github.com/onevcat/Kingfisher";
			requirement = {
				kind = upToNextMajorVersion;
				minimumVersion = 7.0.0;
			};
		};
/* End XCRemoteSwiftPackageReference section */

/* Begin XCSwiftPackageProductDependency section */
		9156F90B2773BF69007E84DE /* Kingfisher */ = {
			isa = XCSwiftPackageProductDependency;
			package = 9156F90A2773BF69007E84DE /* XCRemoteSwiftPackageReference "Kingfisher" */;
			productName = Kingfisher;
		};
/* End XCSwiftPackageProductDependency section */
	};
	rootObject = 9156F8EF2773B960007E84DE /* Project object */;
}
